
Microsoft Visual Studio Solution File, Format Version 12.00
# Visual Studio Version 17
VisualStudioVersion = 17.6.33801.468
MinimumVisualStudioVersion = 10.0.40219.1
Project("{2150E333-8FDC-42A3-9474-1A3956D46DE8}") = "Solution Items", "Solution Items", "{93F59E06-92A0-41AE-9F0D-DCDD5B7D705C}"
	ProjectSection(SolutionItems) = preProject
		global.json = global.json
	EndProjectSection
EndProject
Project("{6DE1C62B-E8D7-451A-8734-87EAEB46E35B}") = "StaticLibrary1", "StaticLibrary1\StaticLibrary1.clangproj", "{F511E617-3E18-4DC6-9936-8746F3060663}"
EndProject
Project("{6DE1C62B-E8D7-451A-8734-87EAEB46E35B}") = "SharedLibrary1", "SharedLibrary1\SharedLibrary1.clangproj", "{EE4F441B-DA30-4A0B-9780-831C383AC653}"
EndProject
Project("{6DE1C62B-E8D7-451A-8734-87EAEB46E35B}") = "SharedLibrary2", "SharedLibrary2\SharedLibrary2.clangproj", "{A4BA39E0-1FC2-448C-B4FC-886811F64733}"
EndProject
Project("{6DE1C62B-E8D7-451A-8734-87EAEB46E35B}") = "Executable", "Executable\Executable.clangproj", "{25BF59DA-B011-4EAF-9ABD-3653BD9B21B9}"
EndProject
Global
	GlobalSection(SolutionConfigurationPlatforms) = preSolution
		Debug|Any CPU = Debug|Any CPU
		Release|Any CPU = Release|Any CPU
	EndGlobalSection
	GlobalSection(ProjectConfigurationPlatforms) = postSolution
		{F511E617-3E18-4DC6-9936-8746F3060663}.Debug|Any CPU.ActiveCfg = Debug|Any CPU
		{F511E617-3E18-4DC6-9936-8746F3060663}.Debug|Any CPU.Build.0 = Debug|Any CPU
		{F511E617-3E18-4DC6-9936-8746F3060663}.Release|Any CPU.ActiveCfg = Release|Any CPU
		{F511E617-3E18-4DC6-9936-8746F3060663}.Release|Any CPU.Build.0 = Release|Any CPU
		{EE4F441B-DA30-4A0B-9780-831C383AC653}.Debug|Any CPU.ActiveCfg = Debug|Any CPU
		{EE4F441B-DA30-4A0B-9780-831C383AC653}.Debug|Any CPU.Build.0 = Debug|Any CPU
		{EE4F441B-DA30-4A0B-9780-831C383AC653}.Release|Any CPU.ActiveCfg = Release|Any CPU
		{EE4F441B-DA30-4A0B-9780-831C383AC653}.Release|Any CPU.Build.0 = Release|Any CPU
		{A4BA39E0-1FC2-448C-B4FC-886811F64733}.Debug|Any CPU.ActiveCfg = Debug|Any CPU
		{A4BA39E0-1FC2-448C-B4FC-886811F64733}.Debug|Any CPU.Build.0 = Debug|Any CPU
		{A4BA39E0-1FC2-448C-B4FC-886811F64733}.Release|Any CPU.ActiveCfg = Release|Any CPU
		{A4BA39E0-1FC2-448C-B4FC-886811F64733}.Release|Any CPU.Build.0 = Release|Any CPU
		{25BF59DA-B011-4EAF-9ABD-3653BD9B21B9}.Debug|Any CPU.ActiveCfg = Debug|Any CPU
		{25BF59DA-B011-4EAF-9ABD-3653BD9B21B9}.Debug|Any CPU.Build.0 = Debug|Any CPU
		{25BF59DA-B011-4EAF-9ABD-3653BD9B21B9}.Release|Any CPU.ActiveCfg = Release|Any CPU
		{25BF59DA-B011-4EAF-9ABD-3653BD9B21B9}.Release|Any CPU.Build.0 = Release|Any CPU
	EndGlobalSection
	GlobalSection(SolutionProperties) = preSolution
		HideSolutionNode = FALSE
	EndGlobalSection
	GlobalSection(ExtensibilityGlobals) = postSolution
		SolutionGuid = {889F1B36-BC6D-4332-B3AD-3A90704E8A65}
	EndGlobalSection
EndGlobal
