
Microsoft Visual Studio Solution File, Format Version 12.00
# Visual Studio Version 18
VisualStudioVersion = 18.6.11822.322 stable
MinimumVisualStudioVersion = 10.0.40219.1
Project("{C16F8DA6-AF2B-48DF-A3C0-8B93BDB1BB12}") = "Ikvm.Clang.Sample1", "Ikvm.Clang.Sample1\Ikvm.Clang.Sample1.clangproj", "{0ECADF70-0385-4E8D-AD8A-E07B8F5CDE32}"
EndProject
Global
	GlobalSection(SolutionConfigurationPlatforms) = preSolution
		Debug|Any CPU = Debug|Any CPU
	EndGlobalSection
	GlobalSection(ProjectConfigurationPlatforms) = postSolution
		{0ECADF70-0385-4E8D-AD8A-E07B8F5CDE32}.Debug|Any CPU.ActiveCfg = Debug|Any CPU
		{0ECADF70-0385-4E8D-AD8A-E07B8F5CDE32}.Debug|Any CPU.Build.0 = Debug|Any CPU
	EndGlobalSection
	GlobalSection(SolutionProperties) = preSolution
		HideSolutionNode = FALSE
	EndGlobalSection
	GlobalSection(ExtensibilityGlobals) = postSolution
		SolutionGuid = {9A28119A-FC7E-4042-B8F2-7B870AAD64B5}
	EndGlobalSection
EndGlobal
